// !$*UTF8*$!
{
	archiveVersion = 1;
	classes = {
	};
	objectVersion = 48;
	objects = {

/* Begin PBXBuildFile section */
		4204FE31221163C900BBB83E /* GeneratedMocks.swift in Sources */ = {isa = PBXBuildFile; fileRef = 4204FE30221163C900BBB83E /* GeneratedMocks.swift */; };
		4204FE33221220A900BBB83E /* SimpleError.swift in Sources */ = {isa = PBXBuildFile; fileRef = 4204FE32221220A900BBB83E /* SimpleError.swift */; };
		42146F0A220CCAD100A793A5 /* FirebaseSessionDatabase.swift in Sources */ = {isa = PBXBuildFile; fileRef = 42146F09220CCAD100A793A5 /* FirebaseSessionDatabase.swift */; };
		422C68D922010DC900F7702A /* AlcoholCalculator.swift in Sources */ = {isa = PBXBuildFile; fileRef = 422C68D822010DC800F7702A /* AlcoholCalculator.swift */; };
		422C68DE22010EBA00F7702A /* DateExtensions.swift in Sources */ = {isa = PBXBuildFile; fileRef = 422C68DD22010EBA00F7702A /* DateExtensions.swift */; };
		422C68E022010F0300F7702A /* Record.swift in Sources */ = {isa = PBXBuildFile; fileRef = 422C68DF22010F0300F7702A /* Record.swift */; };
		422C68E2220110E600F7702A /* Statistic.swift in Sources */ = {isa = PBXBuildFile; fileRef = 422C68E1220110E600F7702A /* Statistic.swift */; };
		422C68E52201117E00F7702A /* Session.swift in Sources */ = {isa = PBXBuildFile; fileRef = 422C68E42201117E00F7702A /* Session.swift */; };
		422CA97822106E0900BC5401 /* ConsumptionListTableViewController.swift in Sources */ = {isa = PBXBuildFile; fileRef = 422CA97722106E0900BC5401 /* ConsumptionListTableViewController.swift */; };
		422CA97B22108F4C00BC5401 /* FirebaseSwinject.swift in Sources */ = {isa = PBXBuildFile; fileRef = 422CA97A22108F4C00BC5401 /* FirebaseSwinject.swift */; };
		422CA97E22108FD600BC5401 /* ReportOverviewSwinject.swift in Sources */ = {isa = PBXBuildFile; fileRef = 422CA97D22108FD600BC5401 /* ReportOverviewSwinject.swift */; };
		422CA980221092AF00BC5401 /* CoreDataSwinject.swift in Sources */ = {isa = PBXBuildFile; fileRef = 422CA97F221092AF00BC5401 /* CoreDataSwinject.swift */; };
		422CA9822210933C00BC5401 /* RepositorySwinject.swift in Sources */ = {isa = PBXBuildFile; fileRef = 422CA9812210933C00BC5401 /* RepositorySwinject.swift */; };
		422CA984221094BE00BC5401 /* ApplicationSwinject.swift in Sources */ = {isa = PBXBuildFile; fileRef = 422CA983221094BE00BC5401 /* ApplicationSwinject.swift */; };
		4232DAF22210B56000DCC8DD /* ConsumptionListSwinject.swift in Sources */ = {isa = PBXBuildFile; fileRef = 4232DAF12210B56000DCC8DD /* ConsumptionListSwinject.swift */; };
		4232DAF82210CCDD00DCC8DD /* ConsumptionListInteractorTest.swift in Sources */ = {isa = PBXBuildFile; fileRef = 4232DAF72210CCDD00DCC8DD /* ConsumptionListInteractorTest.swift */; };
		4232DAFA2210CF0600DCC8DD /* ConsumptionListInteractor.swift in Sources */ = {isa = PBXBuildFile; fileRef = 4232DAF92210CF0600DCC8DD /* ConsumptionListInteractor.swift */; };
		4246D7352200583D0066BC01 /* AppDelegate.swift in Sources */ = {isa = PBXBuildFile; fileRef = 4246D7342200583D0066BC01 /* AppDelegate.swift */; };
		4246D7372200583D0066BC01 /* ReportsOverviewViewController.swift in Sources */ = {isa = PBXBuildFile; fileRef = 4246D7362200583D0066BC01 /* ReportsOverviewViewController.swift */; };
		4246D7392200583D0066BC01 /* ConsumptionListViewController.swift in Sources */ = {isa = PBXBuildFile; fileRef = 4246D7382200583D0066BC01 /* ConsumptionListViewController.swift */; };
		4246D73C2200583D0066BC01 /* Main.storyboard in Resources */ = {isa = PBXBuildFile; fileRef = 4246D73A2200583D0066BC01 /* Main.storyboard */; };
		4246D73E2200583D0066BC01 /* Assets.xcassets in Resources */ = {isa = PBXBuildFile; fileRef = 4246D73D2200583D0066BC01 /* Assets.xcassets */; };
		4246D7412200583D0066BC01 /* LaunchScreen.storyboard in Resources */ = {isa = PBXBuildFile; fileRef = 4246D73F2200583D0066BC01 /* LaunchScreen.storyboard */; };
		4246D74C2200583E0066BC01 /* DeliriumOverTests.swift in Sources */ = {isa = PBXBuildFile; fileRef = 4246D74B2200583E0066BC01 /* DeliriumOverTests.swift */; };
		4246D7572200583E0066BC01 /* DeliriumOverUITests.swift in Sources */ = {isa = PBXBuildFile; fileRef = 4246D7562200583E0066BC01 /* DeliriumOverUITests.swift */; };
		426AB6C8221344F00061EF0B /* ConsumptionExtension.swift in Sources */ = {isa = PBXBuildFile; fileRef = 426AB6C7221344F00061EF0B /* ConsumptionExtension.swift */; };
		426AB6CA221750BD0061EF0B /* DrinkExtension.swift in Sources */ = {isa = PBXBuildFile; fileRef = 426AB6C9221750BD0061EF0B /* DrinkExtension.swift */; };
		42731B002208D93B0048AB83 /* FirebaseAuthentication.swift in Sources */ = {isa = PBXBuildFile; fileRef = 42731AFF2208D93B0048AB83 /* FirebaseAuthentication.swift */; };
		42731B022208F9F30048AB83 /* FirebaseDrinksDatabase.swift in Sources */ = {isa = PBXBuildFile; fileRef = 42731B012208F9F30048AB83 /* FirebaseDrinksDatabase.swift */; };
		42882647220EC507001A9A5A /* FirebaseCommunicator.swift in Sources */ = {isa = PBXBuildFile; fileRef = 42882646220EC507001A9A5A /* FirebaseCommunicator.swift */; };
		42882649220EC87E001A9A5A /* FirebaseError.swift in Sources */ = {isa = PBXBuildFile; fileRef = 42882648220EC87E001A9A5A /* FirebaseError.swift */; };
		4288264B220F675D001A9A5A /* DrinkRepository.swift in Sources */ = {isa = PBXBuildFile; fileRef = 4288264A220F675D001A9A5A /* DrinkRepository.swift */; };
		4288264D220F6799001A9A5A /* DrinkRepositoryImpl.swift in Sources */ = {isa = PBXBuildFile; fileRef = 4288264C220F6799001A9A5A /* DrinkRepositoryImpl.swift */; };
		42882650220F75BD001A9A5A /* ConsumptionListPresenter.swift in Sources */ = {isa = PBXBuildFile; fileRef = 4288264F220F75BD001A9A5A /* ConsumptionListPresenter.swift */; };
		42882653220F75D4001A9A5A /* ConsumptionListInteractorImpl.swift in Sources */ = {isa = PBXBuildFile; fileRef = 42882652220F75D4001A9A5A /* ConsumptionListInteractorImpl.swift */; };
		42882656220F7793001A9A5A /* ConsumptionListView.swift in Sources */ = {isa = PBXBuildFile; fileRef = 42882655220F7793001A9A5A /* ConsumptionListView.swift */; };
		42882658220F87A1001A9A5A /* ConsumptionListRouter.swift in Sources */ = {isa = PBXBuildFile; fileRef = 42882657220F87A1001A9A5A /* ConsumptionListRouter.swift */; };
		4288265A220F897C001A9A5A /* ConsumptionListItem.swift in Sources */ = {isa = PBXBuildFile; fileRef = 42882659220F897C001A9A5A /* ConsumptionListItem.swift */; };
		4288265E220F8C2A001A9A5A /* ConsumptionListItemView.swift in Sources */ = {isa = PBXBuildFile; fileRef = 4288265D220F8C2A001A9A5A /* ConsumptionListItemView.swift */; };
		428875EE220580DD00EED6BB /* Podfile in Resources */ = {isa = PBXBuildFile; fileRef = 428875ED220580DD00EED6BB /* Podfile */; };
		428875F22205FB2200EED6BB /* SessionDAO.swift in Sources */ = {isa = PBXBuildFile; fileRef = 428875F12205FB2200EED6BB /* SessionDAO.swift */; };
		428875F42206005B00EED6BB /* SessionDAOImpl.swift in Sources */ = {isa = PBXBuildFile; fileRef = 428875F32206005B00EED6BB /* SessionDAOImpl.swift */; };
		42895B2222077AAE00386A21 /* ConsumptionDAO.swift in Sources */ = {isa = PBXBuildFile; fileRef = 42895B2122077AAE00386A21 /* ConsumptionDAO.swift */; };
		42895B2422077BA000386A21 /* ConsumptionDAOImpl.swift in Sources */ = {isa = PBXBuildFile; fileRef = 42895B2322077BA000386A21 /* ConsumptionDAOImpl.swift */; };
		42895B262207887100386A21 /* ConsumptionRepository.swift in Sources */ = {isa = PBXBuildFile; fileRef = 42895B252207887100386A21 /* ConsumptionRepository.swift */; };
		42895B28220788CE00386A21 /* ConsumptionRepositoryImpl.swift in Sources */ = {isa = PBXBuildFile; fileRef = 42895B27220788CE00386A21 /* ConsumptionRepositoryImpl.swift */; };
		42895B2A22078AE600386A21 /* RepositoryError.swift in Sources */ = {isa = PBXBuildFile; fileRef = 42895B2922078AE600386A21 /* RepositoryError.swift */; };
		42895B2C22078BD100386A21 /* DAO.swift in Sources */ = {isa = PBXBuildFile; fileRef = 42895B2B22078BD100386A21 /* DAO.swift */; };
		42895B2E22078BFF00386A21 /* DAOImpl.swift in Sources */ = {isa = PBXBuildFile; fileRef = 42895B2D22078BFF00386A21 /* DAOImpl.swift */; };
		42895B3022082B9800386A21 /* GoogleService-Info.plist in Resources */ = {isa = PBXBuildFile; fileRef = 42895B2F22082B9800386A21 /* GoogleService-Info.plist */; };
		429893B2220222C900460356 /* Drink.swift in Sources */ = {isa = PBXBuildFile; fileRef = 429893B1220222C900460356 /* Drink.swift */; };
		429893B42202233700460356 /* DrinkType.swift in Sources */ = {isa = PBXBuildFile; fileRef = 429893B32202233700460356 /* DrinkType.swift */; };
		429893B62202265200460356 /* DateProvider.swift in Sources */ = {isa = PBXBuildFile; fileRef = 429893B52202265200460356 /* DateProvider.swift */; };
		429893B82202279700460356 /* SystemDateProvider.swift in Sources */ = {isa = PBXBuildFile; fileRef = 429893B72202279700460356 /* SystemDateProvider.swift */; };
		429893BC220313CF00460356 /* AlcoholCalculatorTest.swift in Sources */ = {isa = PBXBuildFile; fileRef = 429893BB220313CF00460356 /* AlcoholCalculatorTest.swift */; };
		429893BF22031C0400460356 /* DoubleExtension.swift in Sources */ = {isa = PBXBuildFile; fileRef = 429893BE22031C0400460356 /* DoubleExtension.swift */; };
		429B93902204DEDA00B663FD /* DeliriumOver.xcdatamodeld in Sources */ = {isa = PBXBuildFile; fileRef = 429B938E2204DEDA00B663FD /* DeliriumOver.xcdatamodeld */; };
		429B93952204E24600B663FD /* SessionRepository.swift in Sources */ = {isa = PBXBuildFile; fileRef = 429B93942204E24600B663FD /* SessionRepository.swift */; };
		429B93972204E28100B663FD /* SessionRepositoryImpl.swift in Sources */ = {isa = PBXBuildFile; fileRef = 429B93962204E28100B663FD /* SessionRepositoryImpl.swift */; };
		42B8D8AF22044F0B0050F0B2 /* TestDateProvider.swift in Sources */ = {isa = PBXBuildFile; fileRef = 42B8D8AE22044F0B0050F0B2 /* TestDateProvider.swift */; };
		42E44DDD2201C1F500F367CB /* Sex.swift in Sources */ = {isa = PBXBuildFile; fileRef = 42E44DDC2201C1F500F367CB /* Sex.swift */; };
		42E44DDF2201C23000F367CB /* Consumption.swift in Sources */ = {isa = PBXBuildFile; fileRef = 42E44DDE2201C23000F367CB /* Consumption.swift */; };
		42E44DE12201C38500F367CB /* DrinkUnit.swift in Sources */ = {isa = PBXBuildFile; fileRef = 42E44DE02201C38500F367CB /* DrinkUnit.swift */; };
		80239DE305DE6FE952994E34 /* Pods_DeliriumOverTests.framework in Frameworks */ = {isa = PBXBuildFile; fileRef = 49C99880F8C752445999952D /* Pods_DeliriumOverTests.framework */; };
		802ABAF423325DEA00DE0306 /* ConsumptionFormRouterImpl.swift in Sources */ = {isa = PBXBuildFile; fileRef = 802ABAF323325DEA00DE0306 /* ConsumptionFormRouterImpl.swift */; };
		80395D67232660A8008120A6 /* HasApply.swift in Sources */ = {isa = PBXBuildFile; fileRef = 80395D66232660A8008120A6 /* HasApply.swift */; };
		80395D6A2326627A008120A6 /* BasePresenter.swift in Sources */ = {isa = PBXBuildFile; fileRef = 80395D692326627A008120A6 /* BasePresenter.swift */; };
		80395D6E232BDA3F008120A6 /* DatePickerSheet.xib in Resources */ = {isa = PBXBuildFile; fileRef = 80395D6D232BDA3F008120A6 /* DatePickerSheet.xib */; };
		80395D70232BDB10008120A6 /* DatePickerSheet.swift in Sources */ = {isa = PBXBuildFile; fileRef = 80395D6F232BDB10008120A6 /* DatePickerSheet.swift */; };
		8041DB8E23147B6F00BF9964 /* ConsumptionFormRouter.swift in Sources */ = {isa = PBXBuildFile; fileRef = 8041DB8D23147B6F00BF9964 /* ConsumptionFormRouter.swift */; };
		8041DB922316923A00BF9964 /* ConsumptionFormViewController.swift in Sources */ = {isa = PBXBuildFile; fileRef = 8041DB912316923A00BF9964 /* ConsumptionFormViewController.swift */; };
		80707E0E2322967A006A6636 /* Strings.strings in Resources */ = {isa = PBXBuildFile; fileRef = 80707E102322967A006A6636 /* Strings.strings */; };
		80707E13232299FB006A6636 /* ConsumptionFormInteractorImpl.swift in Sources */ = {isa = PBXBuildFile; fileRef = 80707E12232299FB006A6636 /* ConsumptionFormInteractorImpl.swift */; };
		80731A7C231FC03300C65C08 /* ConsumptionFormPresenter.swift in Sources */ = {isa = PBXBuildFile; fileRef = 80731A7B231FC03300C65C08 /* ConsumptionFormPresenter.swift */; };
		80731A7E231FC0C800C65C08 /* ConsumptionFormView.swift in Sources */ = {isa = PBXBuildFile; fileRef = 80731A7D231FC0C800C65C08 /* ConsumptionFormView.swift */; };
		80731A80231FD37B00C65C08 /* ConsumptionFormPresenterImpl.swift in Sources */ = {isa = PBXBuildFile; fileRef = 80731A7F231FD37B00C65C08 /* ConsumptionFormPresenterImpl.swift */; };
		80731A83231FD58C00C65C08 /* ConsumptionFormInteractor.swift in Sources */ = {isa = PBXBuildFile; fileRef = 80731A82231FD58C00C65C08 /* ConsumptionFormInteractor.swift */; };
		80731A85232131CF00C65C08 /* ConsumptionFormSwinject.swift in Sources */ = {isa = PBXBuildFile; fileRef = 80731A84232131CF00C65C08 /* ConsumptionFormSwinject.swift */; };
		80D4B8E5232F918D001E8ABF /* QuantityPickerSheet.xib in Resources */ = {isa = PBXBuildFile; fileRef = 80D4B8E4232F918D001E8ABF /* QuantityPickerSheet.xib */; };
		80D4B8E7232F93B4001E8ABF /* QuantityPickerSheet.swift in Sources */ = {isa = PBXBuildFile; fileRef = 80D4B8E6232F93B4001E8ABF /* QuantityPickerSheet.swift */; };
		80EDF100236AE80F003BA24C /* ConsumptionListPresenterTest.swift in Sources */ = {isa = PBXBuildFile; fileRef = 80EDF0FF236AE80F003BA24C /* ConsumptionListPresenterTest.swift */; };
		B8B96A0A05D74AAE63584771 /* Pods_DeliriumOver.framework in Frameworks */ = {isa = PBXBuildFile; fileRef = 13B129C7E5EC8374E6B23481 /* Pods_DeliriumOver.framework */; };
/* End PBXBuildFile section */

/* Begin PBXContainerItemProxy section */
		4246D7482200583E0066BC01 /* PBXContainerItemProxy */ = {
			isa = PBXContainerItemProxy;
			containerPortal = 4246D7292200583D0066BC01 /* Project object */;
			proxyType = 1;
			remoteGlobalIDString = 4246D7302200583D0066BC01;
			remoteInfo = DeliriumOver;
		};
		4246D7532200583E0066BC01 /* PBXContainerItemProxy */ = {
			isa = PBXContainerItemProxy;
			containerPortal = 4246D7292200583D0066BC01 /* Project object */;
			proxyType = 1;
			remoteGlobalIDString = 4246D7302200583D0066BC01;
			remoteInfo = DeliriumOver;
		};
/* End PBXContainerItemProxy section */

/* Begin PBXFileReference section */
		05EC6AAAB1F2E52B9375A76E /* Pods-DeliriumOver.debug.xcconfig */ = {isa = PBXFileReference; includeInIndex = 1; lastKnownFileType = text.xcconfig; name = "Pods-DeliriumOver.debug.xcconfig"; path = "Pods/Target Support Files/Pods-DeliriumOver/Pods-DeliriumOver.debug.xcconfig"; sourceTree = "<group>"; };
		13B129C7E5EC8374E6B23481 /* Pods_DeliriumOver.framework */ = {isa = PBXFileReference; explicitFileType = wrapper.framework; includeInIndex = 0; path = Pods_DeliriumOver.framework; sourceTree = BUILT_PRODUCTS_DIR; };
		38161ADD0FEC4C46AB918CAF /* Pods-DeliriumOverTests.debug.xcconfig */ = {isa = PBXFileReference; includeInIndex = 1; lastKnownFileType = text.xcconfig; name = "Pods-DeliriumOverTests.debug.xcconfig"; path = "Pods/Target Support Files/Pods-DeliriumOverTests/Pods-DeliriumOverTests.debug.xcconfig"; sourceTree = "<group>"; };
		4204FE30221163C900BBB83E /* GeneratedMocks.swift */ = {isa = PBXFileReference; fileEncoding = 4; lastKnownFileType = sourcecode.swift; path = GeneratedMocks.swift; sourceTree = "<group>"; };
		4204FE32221220A900BBB83E /* SimpleError.swift */ = {isa = PBXFileReference; lastKnownFileType = sourcecode.swift; path = SimpleError.swift; sourceTree = "<group>"; };
		42146F09220CCAD100A793A5 /* FirebaseSessionDatabase.swift */ = {isa = PBXFileReference; lastKnownFileType = sourcecode.swift; path = FirebaseSessionDatabase.swift; sourceTree = "<group>"; };
		422C68D822010DC800F7702A /* AlcoholCalculator.swift */ = {isa = PBXFileReference; lastKnownFileType = sourcecode.swift; path = AlcoholCalculator.swift; sourceTree = "<group>"; };
		422C68DD22010EBA00F7702A /* DateExtensions.swift */ = {isa = PBXFileReference; lastKnownFileType = sourcecode.swift; path = DateExtensions.swift; sourceTree = "<group>"; };
		422C68DF22010F0300F7702A /* Record.swift */ = {isa = PBXFileReference; lastKnownFileType = sourcecode.swift; path = Record.swift; sourceTree = "<group>"; };
		422C68E1220110E600F7702A /* Statistic.swift */ = {isa = PBXFileReference; lastKnownFileType = sourcecode.swift; path = Statistic.swift; sourceTree = "<group>"; };
		422C68E42201117E00F7702A /* Session.swift */ = {isa = PBXFileReference; lastKnownFileType = sourcecode.swift; path = Session.swift; sourceTree = "<group>"; };
		422CA97722106E0900BC5401 /* ConsumptionListTableViewController.swift */ = {isa = PBXFileReference; lastKnownFileType = sourcecode.swift; path = ConsumptionListTableViewController.swift; sourceTree = "<group>"; };
		422CA97A22108F4C00BC5401 /* FirebaseSwinject.swift */ = {isa = PBXFileReference; lastKnownFileType = sourcecode.swift; path = FirebaseSwinject.swift; sourceTree = "<group>"; };
		422CA97D22108FD600BC5401 /* ReportOverviewSwinject.swift */ = {isa = PBXFileReference; lastKnownFileType = sourcecode.swift; path = ReportOverviewSwinject.swift; sourceTree = "<group>"; };
		422CA97F221092AF00BC5401 /* CoreDataSwinject.swift */ = {isa = PBXFileReference; lastKnownFileType = sourcecode.swift; path = CoreDataSwinject.swift; sourceTree = "<group>"; };
		422CA9812210933C00BC5401 /* RepositorySwinject.swift */ = {isa = PBXFileReference; lastKnownFileType = sourcecode.swift; path = RepositorySwinject.swift; sourceTree = "<group>"; };
		422CA983221094BE00BC5401 /* ApplicationSwinject.swift */ = {isa = PBXFileReference; lastKnownFileType = sourcecode.swift; path = ApplicationSwinject.swift; sourceTree = "<group>"; };
		4232DAF12210B56000DCC8DD /* ConsumptionListSwinject.swift */ = {isa = PBXFileReference; lastKnownFileType = sourcecode.swift; path = ConsumptionListSwinject.swift; sourceTree = "<group>"; };
		4232DAF72210CCDD00DCC8DD /* ConsumptionListInteractorTest.swift */ = {isa = PBXFileReference; lastKnownFileType = sourcecode.swift; path = ConsumptionListInteractorTest.swift; sourceTree = "<group>"; };
		4232DAF92210CF0600DCC8DD /* ConsumptionListInteractor.swift */ = {isa = PBXFileReference; lastKnownFileType = sourcecode.swift; path = ConsumptionListInteractor.swift; sourceTree = "<group>"; };
		4246D7312200583D0066BC01 /* DeliriumOver.app */ = {isa = PBXFileReference; explicitFileType = wrapper.application; includeInIndex = 0; path = DeliriumOver.app; sourceTree = BUILT_PRODUCTS_DIR; };
		4246D7342200583D0066BC01 /* AppDelegate.swift */ = {isa = PBXFileReference; lastKnownFileType = sourcecode.swift; path = AppDelegate.swift; sourceTree = "<group>"; };
		4246D7362200583D0066BC01 /* ReportsOverviewViewController.swift */ = {isa = PBXFileReference; lastKnownFileType = sourcecode.swift; path = ReportsOverviewViewController.swift; sourceTree = "<group>"; };
		4246D7382200583D0066BC01 /* ConsumptionListViewController.swift */ = {isa = PBXFileReference; lastKnownFileType = sourcecode.swift; path = ConsumptionListViewController.swift; sourceTree = "<group>"; };
		4246D73B2200583D0066BC01 /* Base */ = {isa = PBXFileReference; lastKnownFileType = file.storyboard; name = Base; path = Base.lproj/Main.storyboard; sourceTree = "<group>"; };
		4246D73D2200583D0066BC01 /* Assets.xcassets */ = {isa = PBXFileReference; lastKnownFileType = folder.assetcatalog; path = Assets.xcassets; sourceTree = "<group>"; };
		4246D7402200583D0066BC01 /* Base */ = {isa = PBXFileReference; lastKnownFileType = file.storyboard; name = Base; path = Base.lproj/LaunchScreen.storyboard; sourceTree = "<group>"; };
		4246D7422200583D0066BC01 /* Info.plist */ = {isa = PBXFileReference; lastKnownFileType = text.plist.xml; path = Info.plist; sourceTree = "<group>"; };
		4246D7472200583E0066BC01 /* DeliriumOverTests.xctest */ = {isa = PBXFileReference; explicitFileType = wrapper.cfbundle; includeInIndex = 0; path = DeliriumOverTests.xctest; sourceTree = BUILT_PRODUCTS_DIR; };
		4246D74B2200583E0066BC01 /* DeliriumOverTests.swift */ = {isa = PBXFileReference; lastKnownFileType = sourcecode.swift; path = DeliriumOverTests.swift; sourceTree = "<group>"; };
		4246D74D2200583E0066BC01 /* Info.plist */ = {isa = PBXFileReference; lastKnownFileType = text.plist.xml; path = Info.plist; sourceTree = "<group>"; };
		4246D7522200583E0066BC01 /* DeliriumOverUITests.xctest */ = {isa = PBXFileReference; explicitFileType = wrapper.cfbundle; includeInIndex = 0; path = DeliriumOverUITests.xctest; sourceTree = BUILT_PRODUCTS_DIR; };
		4246D7562200583E0066BC01 /* DeliriumOverUITests.swift */ = {isa = PBXFileReference; lastKnownFileType = sourcecode.swift; path = DeliriumOverUITests.swift; sourceTree = "<group>"; };
		4246D7582200583E0066BC01 /* Info.plist */ = {isa = PBXFileReference; lastKnownFileType = text.plist.xml; path = Info.plist; sourceTree = "<group>"; };
		426AB6C7221344F00061EF0B /* ConsumptionExtension.swift */ = {isa = PBXFileReference; lastKnownFileType = sourcecode.swift; path = ConsumptionExtension.swift; sourceTree = "<group>"; };
		426AB6C9221750BD0061EF0B /* DrinkExtension.swift */ = {isa = PBXFileReference; lastKnownFileType = sourcecode.swift; path = DrinkExtension.swift; sourceTree = "<group>"; };
		42731AFF2208D93B0048AB83 /* FirebaseAuthentication.swift */ = {isa = PBXFileReference; lastKnownFileType = sourcecode.swift; path = FirebaseAuthentication.swift; sourceTree = "<group>"; };
		42731B012208F9F30048AB83 /* FirebaseDrinksDatabase.swift */ = {isa = PBXFileReference; lastKnownFileType = sourcecode.swift; path = FirebaseDrinksDatabase.swift; sourceTree = "<group>"; };
		42882646220EC507001A9A5A /* FirebaseCommunicator.swift */ = {isa = PBXFileReference; lastKnownFileType = sourcecode.swift; path = FirebaseCommunicator.swift; sourceTree = "<group>"; };
		42882648220EC87E001A9A5A /* FirebaseError.swift */ = {isa = PBXFileReference; lastKnownFileType = sourcecode.swift; path = FirebaseError.swift; sourceTree = "<group>"; };
		4288264A220F675D001A9A5A /* DrinkRepository.swift */ = {isa = PBXFileReference; lastKnownFileType = sourcecode.swift; path = DrinkRepository.swift; sourceTree = "<group>"; };
		4288264C220F6799001A9A5A /* DrinkRepositoryImpl.swift */ = {isa = PBXFileReference; lastKnownFileType = sourcecode.swift; path = DrinkRepositoryImpl.swift; sourceTree = "<group>"; };
		4288264F220F75BD001A9A5A /* ConsumptionListPresenter.swift */ = {isa = PBXFileReference; lastKnownFileType = sourcecode.swift; path = ConsumptionListPresenter.swift; sourceTree = "<group>"; };
		42882652220F75D4001A9A5A /* ConsumptionListInteractorImpl.swift */ = {isa = PBXFileReference; lastKnownFileType = sourcecode.swift; path = ConsumptionListInteractorImpl.swift; sourceTree = "<group>"; };
		42882655220F7793001A9A5A /* ConsumptionListView.swift */ = {isa = PBXFileReference; lastKnownFileType = sourcecode.swift; path = ConsumptionListView.swift; sourceTree = "<group>"; };
		42882657220F87A1001A9A5A /* ConsumptionListRouter.swift */ = {isa = PBXFileReference; lastKnownFileType = sourcecode.swift; path = ConsumptionListRouter.swift; sourceTree = "<group>"; };
		42882659220F897C001A9A5A /* ConsumptionListItem.swift */ = {isa = PBXFileReference; lastKnownFileType = sourcecode.swift; path = ConsumptionListItem.swift; sourceTree = "<group>"; };
		4288265D220F8C2A001A9A5A /* ConsumptionListItemView.swift */ = {isa = PBXFileReference; lastKnownFileType = sourcecode.swift; path = ConsumptionListItemView.swift; sourceTree = "<group>"; };
		428875ED220580DD00EED6BB /* Podfile */ = {isa = PBXFileReference; lastKnownFileType = text; path = Podfile; sourceTree = "<group>"; xcLanguageSpecificationIdentifier = xcode.lang.ruby; };
		428875F12205FB2200EED6BB /* SessionDAO.swift */ = {isa = PBXFileReference; lastKnownFileType = sourcecode.swift; path = SessionDAO.swift; sourceTree = "<group>"; };
		428875F32206005B00EED6BB /* SessionDAOImpl.swift */ = {isa = PBXFileReference; lastKnownFileType = sourcecode.swift; path = SessionDAOImpl.swift; sourceTree = "<group>"; };
		42895B2122077AAE00386A21 /* ConsumptionDAO.swift */ = {isa = PBXFileReference; lastKnownFileType = sourcecode.swift; path = ConsumptionDAO.swift; sourceTree = "<group>"; };
		42895B2322077BA000386A21 /* ConsumptionDAOImpl.swift */ = {isa = PBXFileReference; lastKnownFileType = sourcecode.swift; path = ConsumptionDAOImpl.swift; sourceTree = "<group>"; };
		42895B252207887100386A21 /* ConsumptionRepository.swift */ = {isa = PBXFileReference; lastKnownFileType = sourcecode.swift; path = ConsumptionRepository.swift; sourceTree = "<group>"; };
		42895B27220788CE00386A21 /* ConsumptionRepositoryImpl.swift */ = {isa = PBXFileReference; lastKnownFileType = sourcecode.swift; path = ConsumptionRepositoryImpl.swift; sourceTree = "<group>"; };
		42895B2922078AE600386A21 /* RepositoryError.swift */ = {isa = PBXFileReference; lastKnownFileType = sourcecode.swift; path = RepositoryError.swift; sourceTree = "<group>"; };
		42895B2B22078BD100386A21 /* DAO.swift */ = {isa = PBXFileReference; lastKnownFileType = sourcecode.swift; path = DAO.swift; sourceTree = "<group>"; };
		42895B2D22078BFF00386A21 /* DAOImpl.swift */ = {isa = PBXFileReference; lastKnownFileType = sourcecode.swift; path = DAOImpl.swift; sourceTree = "<group>"; };
		42895B2F22082B9800386A21 /* GoogleService-Info.plist */ = {isa = PBXFileReference; fileEncoding = 4; lastKnownFileType = text.plist.xml; path = "GoogleService-Info.plist"; sourceTree = SOURCE_ROOT; };
		429893B1220222C900460356 /* Drink.swift */ = {isa = PBXFileReference; lastKnownFileType = sourcecode.swift; path = Drink.swift; sourceTree = "<group>"; };
		429893B32202233700460356 /* DrinkType.swift */ = {isa = PBXFileReference; lastKnownFileType = sourcecode.swift; path = DrinkType.swift; sourceTree = "<group>"; };
		429893B52202265200460356 /* DateProvider.swift */ = {isa = PBXFileReference; lastKnownFileType = sourcecode.swift; path = DateProvider.swift; sourceTree = "<group>"; };
		429893B72202279700460356 /* SystemDateProvider.swift */ = {isa = PBXFileReference; lastKnownFileType = sourcecode.swift; path = SystemDateProvider.swift; sourceTree = "<group>"; };
		429893BB220313CF00460356 /* AlcoholCalculatorTest.swift */ = {isa = PBXFileReference; lastKnownFileType = sourcecode.swift; path = AlcoholCalculatorTest.swift; sourceTree = "<group>"; };
		429893BE22031C0400460356 /* DoubleExtension.swift */ = {isa = PBXFileReference; lastKnownFileType = sourcecode.swift; path = DoubleExtension.swift; sourceTree = "<group>"; };
		429B938F2204DEDA00B663FD /* DeliriumOver.xcdatamodel */ = {isa = PBXFileReference; lastKnownFileType = wrapper.xcdatamodel; path = DeliriumOver.xcdatamodel; sourceTree = "<group>"; };
		429B93942204E24600B663FD /* SessionRepository.swift */ = {isa = PBXFileReference; lastKnownFileType = sourcecode.swift; path = SessionRepository.swift; sourceTree = "<group>"; };
		429B93962204E28100B663FD /* SessionRepositoryImpl.swift */ = {isa = PBXFileReference; lastKnownFileType = sourcecode.swift; path = SessionRepositoryImpl.swift; sourceTree = "<group>"; };
		42B8D8AE22044F0B0050F0B2 /* TestDateProvider.swift */ = {isa = PBXFileReference; lastKnownFileType = sourcecode.swift; path = TestDateProvider.swift; sourceTree = "<group>"; };
		42E44DDC2201C1F500F367CB /* Sex.swift */ = {isa = PBXFileReference; lastKnownFileType = sourcecode.swift; path = Sex.swift; sourceTree = "<group>"; };
		42E44DDE2201C23000F367CB /* Consumption.swift */ = {isa = PBXFileReference; lastKnownFileType = sourcecode.swift; path = Consumption.swift; sourceTree = "<group>"; };
		42E44DE02201C38500F367CB /* DrinkUnit.swift */ = {isa = PBXFileReference; lastKnownFileType = sourcecode.swift; path = DrinkUnit.swift; sourceTree = "<group>"; };
		49C99880F8C752445999952D /* Pods_DeliriumOverTests.framework */ = {isa = PBXFileReference; explicitFileType = wrapper.framework; includeInIndex = 0; path = Pods_DeliriumOverTests.framework; sourceTree = BUILT_PRODUCTS_DIR; };
		631CE8ED2BFE7C5CF2CF2492 /* Pods-DeliriumOver.release.xcconfig */ = {isa = PBXFileReference; includeInIndex = 1; lastKnownFileType = text.xcconfig; name = "Pods-DeliriumOver.release.xcconfig"; path = "Pods/Target Support Files/Pods-DeliriumOver/Pods-DeliriumOver.release.xcconfig"; sourceTree = "<group>"; };
		6B7B2E3C799FB3B9A883F8B6 /* Pods-DeliriumOverTests.release.xcconfig */ = {isa = PBXFileReference; includeInIndex = 1; lastKnownFileType = text.xcconfig; name = "Pods-DeliriumOverTests.release.xcconfig"; path = "Pods/Target Support Files/Pods-DeliriumOverTests/Pods-DeliriumOverTests.release.xcconfig"; sourceTree = "<group>"; };
		802ABAF323325DEA00DE0306 /* ConsumptionFormRouterImpl.swift */ = {isa = PBXFileReference; lastKnownFileType = sourcecode.swift; path = ConsumptionFormRouterImpl.swift; sourceTree = "<group>"; };
		80395D66232660A8008120A6 /* HasApply.swift */ = {isa = PBXFileReference; lastKnownFileType = sourcecode.swift; path = HasApply.swift; sourceTree = "<group>"; };
		80395D692326627A008120A6 /* BasePresenter.swift */ = {isa = PBXFileReference; lastKnownFileType = sourcecode.swift; path = BasePresenter.swift; sourceTree = "<group>"; };
		80395D6D232BDA3F008120A6 /* DatePickerSheet.xib */ = {isa = PBXFileReference; lastKnownFileType = file.xib; path = DatePickerSheet.xib; sourceTree = "<group>"; };
		80395D6F232BDB10008120A6 /* DatePickerSheet.swift */ = {isa = PBXFileReference; lastKnownFileType = sourcecode.swift; path = DatePickerSheet.swift; sourceTree = "<group>"; };
		8041DB8D23147B6F00BF9964 /* ConsumptionFormRouter.swift */ = {isa = PBXFileReference; lastKnownFileType = sourcecode.swift; path = ConsumptionFormRouter.swift; sourceTree = "<group>"; };
		8041DB912316923A00BF9964 /* ConsumptionFormViewController.swift */ = {isa = PBXFileReference; lastKnownFileType = sourcecode.swift; path = ConsumptionFormViewController.swift; sourceTree = "<group>"; };
		80707E0A23229604006A6636 /* hu */ = {isa = PBXFileReference; lastKnownFileType = text.plist.strings; name = hu; path = hu.lproj/Main.strings; sourceTree = "<group>"; };
		80707E0B23229604006A6636 /* hu */ = {isa = PBXFileReference; lastKnownFileType = text.plist.strings; name = hu; path = hu.lproj/LaunchScreen.strings; sourceTree = "<group>"; };
		80707E0F2322967A006A6636 /* en */ = {isa = PBXFileReference; lastKnownFileType = text.plist.strings; name = en; path = en.lproj/Strings.strings; sourceTree = "<group>"; };
		80707E112322967D006A6636 /* hu */ = {isa = PBXFileReference; lastKnownFileType = text.plist.strings; name = hu; path = hu.lproj/Strings.strings; sourceTree = "<group>"; };
		80707E12232299FB006A6636 /* ConsumptionFormInteractorImpl.swift */ = {isa = PBXFileReference; lastKnownFileType = sourcecode.swift; path = ConsumptionFormInteractorImpl.swift; sourceTree = "<group>"; };
		80731A7B231FC03300C65C08 /* ConsumptionFormPresenter.swift */ = {isa = PBXFileReference; lastKnownFileType = sourcecode.swift; path = ConsumptionFormPresenter.swift; sourceTree = "<group>"; };
		80731A7D231FC0C800C65C08 /* ConsumptionFormView.swift */ = {isa = PBXFileReference; lastKnownFileType = sourcecode.swift; path = ConsumptionFormView.swift; sourceTree = "<group>"; };
		80731A7F231FD37B00C65C08 /* ConsumptionFormPresenterImpl.swift */ = {isa = PBXFileReference; lastKnownFileType = sourcecode.swift; path = ConsumptionFormPresenterImpl.swift; sourceTree = "<group>"; };
		80731A82231FD58C00C65C08 /* ConsumptionFormInteractor.swift */ = {isa = PBXFileReference; lastKnownFileType = sourcecode.swift; path = ConsumptionFormInteractor.swift; sourceTree = "<group>"; };
		80731A84232131CF00C65C08 /* ConsumptionFormSwinject.swift */ = {isa = PBXFileReference; lastKnownFileType = sourcecode.swift; path = ConsumptionFormSwinject.swift; sourceTree = "<group>"; };
		80D4B8E4232F918D001E8ABF /* QuantityPickerSheet.xib */ = {isa = PBXFileReference; lastKnownFileType = file.xib; path = QuantityPickerSheet.xib; sourceTree = "<group>"; };
		80D4B8E6232F93B4001E8ABF /* QuantityPickerSheet.swift */ = {isa = PBXFileReference; lastKnownFileType = sourcecode.swift; path = QuantityPickerSheet.swift; sourceTree = "<group>"; };
		80EDF0FF236AE80F003BA24C /* ConsumptionListPresenterTest.swift */ = {isa = PBXFileReference; lastKnownFileType = sourcecode.swift; path = ConsumptionListPresenterTest.swift; sourceTree = "<group>"; };
/* End PBXFileReference section */

/* Begin PBXFrameworksBuildPhase section */
		4246D72E2200583D0066BC01 /* Frameworks */ = {
			isa = PBXFrameworksBuildPhase;
			buildActionMask = 2147483647;
			files = (
				B8B96A0A05D74AAE63584771 /* Pods_DeliriumOver.framework in Frameworks */,
			);
			runOnlyForDeploymentPostprocessing = 0;
		};
		4246D7442200583E0066BC01 /* Frameworks */ = {
			isa = PBXFrameworksBuildPhase;
			buildActionMask = 2147483647;
			files = (
				80239DE305DE6FE952994E34 /* Pods_DeliriumOverTests.framework in Frameworks */,
			);
			runOnlyForDeploymentPostprocessing = 0;
		};
		4246D74F2200583E0066BC01 /* Frameworks */ = {
			isa = PBXFrameworksBuildPhase;
			buildActionMask = 2147483647;
			files = (
			);
			runOnlyForDeploymentPostprocessing = 0;
		};
/* End PBXFrameworksBuildPhase section */

/* Begin PBXGroup section */
		279AB540D815B3014EC5F9B0 /* Frameworks */ = {
			isa = PBXGroup;
			children = (
				13B129C7E5EC8374E6B23481 /* Pods_DeliriumOver.framework */,
				49C99880F8C752445999952D /* Pods_DeliriumOverTests.framework */,
			);
			name = Frameworks;
			sourceTree = "<group>";
		};
		422C68D722010DA300F7702A /* Calculations */ = {
			isa = PBXGroup;
			children = (
				422C68D822010DC800F7702A /* AlcoholCalculator.swift */,
				422C68DF22010F0300F7702A /* Record.swift */,
				422C68E1220110E600F7702A /* Statistic.swift */,
			);
			path = Calculations;
			sourceTree = "<group>";
		};
		422C68DA22010E9800F7702A /* Util */ = {
			isa = PBXGroup;
			children = (
				80395D6C232BDA02008120A6 /* Widget */,
				80395D6523266095008120A6 /* Common */,
				429893BD22031BC100460356 /* Number */,
				422C68DB22010EA000F7702A /* Date */,
				4204FE32221220A900BBB83E /* SimpleError.swift */,
			);
			path = Util;
			sourceTree = "<group>";
		};
		422C68DB22010EA000F7702A /* Date */ = {
			isa = PBXGroup;
			children = (
				422C68DD22010EBA00F7702A /* DateExtensions.swift */,
				429893B52202265200460356 /* DateProvider.swift */,
				429893B72202279700460356 /* SystemDateProvider.swift */,
			);
			path = Date;
			sourceTree = "<group>";
		};
		422C68E32201116100F7702A /* Entity */ = {
			isa = PBXGroup;
			children = (
				422C68E42201117E00F7702A /* Session.swift */,
				42E44DDC2201C1F500F367CB /* Sex.swift */,
				42E44DDE2201C23000F367CB /* Consumption.swift */,
				42E44DE02201C38500F367CB /* DrinkUnit.swift */,
				429893B1220222C900460356 /* Drink.swift */,
				429893B32202233700460356 /* DrinkType.swift */,
			);
			path = Entity;
			sourceTree = "<group>";
		};
		422CA97922108F2C00BC5401 /* DI */ = {
			isa = PBXGroup;
			children = (
				422CA97A22108F4C00BC5401 /* FirebaseSwinject.swift */,
				422CA97F221092AF00BC5401 /* CoreDataSwinject.swift */,
				422CA9812210933C00BC5401 /* RepositorySwinject.swift */,
				422CA983221094BE00BC5401 /* ApplicationSwinject.swift */,
			);
			path = DI;
			sourceTree = "<group>";
		};
		422CA97C22108FBE00BC5401 /* DI */ = {
			isa = PBXGroup;
			children = (
				422CA97D22108FD600BC5401 /* ReportOverviewSwinject.swift */,
			);
			path = DI;
			sourceTree = "<group>";
		};
		4232DAF02210B54E00DCC8DD /* DI */ = {
			isa = PBXGroup;
			children = (
				4232DAF12210B56000DCC8DD /* ConsumptionListSwinject.swift */,
			);
			path = DI;
			sourceTree = "<group>";
		};
		4232DAF32210CCA500DCC8DD /* Presentation */ = {
			isa = PBXGroup;
			children = (
				4232DAF42210CCB200DCC8DD /* Consumptions */,
			);
			path = Presentation;
			sourceTree = "<group>";
		};
		4232DAF42210CCB200DCC8DD /* Consumptions */ = {
			isa = PBXGroup;
			children = (
				4232DAF52210CCBC00DCC8DD /* List */,
			);
			path = Consumptions;
			sourceTree = "<group>";
		};
		4232DAF52210CCBC00DCC8DD /* List */ = {
			isa = PBXGroup;
			children = (
				80EDF0FE236AE7F8003BA24C /* Presenter */,
				4232DAF62210CCC400DCC8DD /* Interactor */,
			);
			path = List;
			sourceTree = "<group>";
		};
		4232DAF62210CCC400DCC8DD /* Interactor */ = {
			isa = PBXGroup;
			children = (
				4232DAF72210CCDD00DCC8DD /* ConsumptionListInteractorTest.swift */,
			);
			path = Interactor;
			sourceTree = "<group>";
		};
		4246D7282200583D0066BC01 = {
			isa = PBXGroup;
			children = (
				428875ED220580DD00EED6BB /* Podfile */,
				4246D7332200583D0066BC01 /* DeliriumOver */,
				4246D74A2200583E0066BC01 /* DeliriumOverTests */,
				4246D7552200583E0066BC01 /* DeliriumOverUITests */,
				4246D7322200583D0066BC01 /* Products */,
				F228245A082D87936C3B6BE5 /* Pods */,
				279AB540D815B3014EC5F9B0 /* Frameworks */,
			);
			sourceTree = "<group>";
		};
		4246D7322200583D0066BC01 /* Products */ = {
			isa = PBXGroup;
			children = (
				4246D7312200583D0066BC01 /* DeliriumOver.app */,
				4246D7472200583E0066BC01 /* DeliriumOverTests.xctest */,
				4246D7522200583E0066BC01 /* DeliriumOverUITests.xctest */,
			);
			name = Products;
			sourceTree = "<group>";
		};
		4246D7332200583D0066BC01 /* DeliriumOver */ = {
			isa = PBXGroup;
			children = (
				42895B2F22082B9800386A21 /* GoogleService-Info.plist */,
				422C68DA22010E9800F7702A /* Util */,
				4246D765220059060066BC01 /* Presentation */,
				4246D764220058F80066BC01 /* Logic */,
				4246D73A2200583D0066BC01 /* Main.storyboard */,
				4246D73D2200583D0066BC01 /* Assets.xcassets */,
				4246D73F2200583D0066BC01 /* LaunchScreen.storyboard */,
				4246D7422200583D0066BC01 /* Info.plist */,
				80707E102322967A006A6636 /* Strings.strings */,
			);
			path = DeliriumOver;
			sourceTree = "<group>";
		};
		4246D74A2200583E0066BC01 /* DeliriumOverTests */ = {
			isa = PBXGroup;
			children = (
				4204FE30221163C900BBB83E /* GeneratedMocks.swift */,
				4232DAF32210CCA500DCC8DD /* Presentation */,
				429893B92203138900460356 /* Logic */,
				4246D74B2200583E0066BC01 /* DeliriumOverTests.swift */,
				4246D74D2200583E0066BC01 /* Info.plist */,
				42B8D8AE22044F0B0050F0B2 /* TestDateProvider.swift */,
			);
			path = DeliriumOverTests;
			sourceTree = "<group>";
		};
		4246D7552200583E0066BC01 /* DeliriumOverUITests */ = {
			isa = PBXGroup;
			children = (
				4246D7562200583E0066BC01 /* DeliriumOverUITests.swift */,
				4246D7582200583E0066BC01 /* Info.plist */,
			);
			path = DeliriumOverUITests;
			sourceTree = "<group>";
		};
		4246D764220058F80066BC01 /* Logic */ = {
			isa = PBXGroup;
			children = (
				429B93922204E22300B663FD /* Repository */,
				429B93912204E1F400B663FD /* DB */,
				422C68E32201116100F7702A /* Entity */,
				422C68D722010DA300F7702A /* Calculations */,
			);
			path = Logic;
			sourceTree = "<group>";
		};
		4246D765220059060066BC01 /* Presentation */ = {
			isa = PBXGroup;
			children = (
				80395D6823266270008120A6 /* Common */,
				4246D76E220060CB0066BC01 /* Application */,
				4246D76B220060A10066BC01 /* Sessions */,
				4246D76A2200609A0066BC01 /* Consumptions */,
				4246D766220059110066BC01 /* Reports */,
			);
			path = Presentation;
			sourceTree = "<group>";
		};
		4246D766220059110066BC01 /* Reports */ = {
			isa = PBXGroup;
			children = (
				4246D767220059530066BC01 /* Overview */,
			);
			path = Reports;
			sourceTree = "<group>";
		};
		4246D767220059530066BC01 /* Overview */ = {
			isa = PBXGroup;
			children = (
				422CA97C22108FBE00BC5401 /* DI */,
				4246D769220059850066BC01 /* Interceptor */,
				4246D7682200597F0066BC01 /* Router */,
			);
			path = Overview;
			sourceTree = "<group>";
		};
		4246D7682200597F0066BC01 /* Router */ = {
			isa = PBXGroup;
			children = (
				4246D7362200583D0066BC01 /* ReportsOverviewViewController.swift */,
			);
			path = Router;
			sourceTree = "<group>";
		};
		4246D769220059850066BC01 /* Interceptor */ = {
			isa = PBXGroup;
			children = (
			);
			path = Interceptor;
			sourceTree = "<group>";
		};
		4246D76A2200609A0066BC01 /* Consumptions */ = {
			isa = PBXGroup;
			children = (
				8041DB8B23147B4200BF9964 /* Form */,
				4246D76C220060B00066BC01 /* List */,
			);
			path = Consumptions;
			sourceTree = "<group>";
		};
		4246D76B220060A10066BC01 /* Sessions */ = {
			isa = PBXGroup;
			children = (
				4246D770220061010066BC01 /* List */,
			);
			path = Sessions;
			sourceTree = "<group>";
		};
		4246D76C220060B00066BC01 /* List */ = {
			isa = PBXGroup;
			children = (
				4232DAF02210B54E00DCC8DD /* DI */,
				42882654220F7785001A9A5A /* View */,
				42882651220F75C3001A9A5A /* Interactor */,
				4288264E220F75AA001A9A5A /* Presenter */,
				4246D76D220060B50066BC01 /* Router */,
			);
			path = List;
			sourceTree = "<group>";
		};
		4246D76D220060B50066BC01 /* Router */ = {
			isa = PBXGroup;
			children = (
				42882657220F87A1001A9A5A /* ConsumptionListRouter.swift */,
			);
			path = Router;
			sourceTree = "<group>";
		};
		4246D76E220060CB0066BC01 /* Application */ = {
			isa = PBXGroup;
			children = (
				422CA97922108F2C00BC5401 /* DI */,
				4246D7342200583D0066BC01 /* AppDelegate.swift */,
			);
			path = Application;
			sourceTree = "<group>";
		};
		4246D770220061010066BC01 /* List */ = {
			isa = PBXGroup;
			children = (
				4246D771220061070066BC01 /* Router */,
			);
			path = List;
			sourceTree = "<group>";
		};
		4246D771220061070066BC01 /* Router */ = {
			isa = PBXGroup;
			children = (
			);
			path = Router;
			sourceTree = "<group>";
		};
		426AB6C6221344DD0061EF0B /* Entity */ = {
			isa = PBXGroup;
			children = (
				426AB6C7221344F00061EF0B /* ConsumptionExtension.swift */,
				426AB6C9221750BD0061EF0B /* DrinkExtension.swift */,
			);
			path = Entity;
			sourceTree = "<group>";
		};
		42731AFD2208D90F0048AB83 /* CoreData */ = {
			isa = PBXGroup;
			children = (
				428875F02205FB0D00EED6BB /* DAO */,
				428875EF2205FB0000EED6BB /* Model */,
			);
			path = CoreData;
			sourceTree = "<group>";
		};
		42731AFE2208D91F0048AB83 /* Firebase */ = {
			isa = PBXGroup;
			children = (
				42731AFF2208D93B0048AB83 /* FirebaseAuthentication.swift */,
				42731B012208F9F30048AB83 /* FirebaseDrinksDatabase.swift */,
				42146F09220CCAD100A793A5 /* FirebaseSessionDatabase.swift */,
				42882646220EC507001A9A5A /* FirebaseCommunicator.swift */,
				42882648220EC87E001A9A5A /* FirebaseError.swift */,
			);
			path = Firebase;
			sourceTree = "<group>";
		};
		4288264E220F75AA001A9A5A /* Presenter */ = {
			isa = PBXGroup;
			children = (
				4288264F220F75BD001A9A5A /* ConsumptionListPresenter.swift */,
			);
			path = Presenter;
			sourceTree = "<group>";
		};
		42882651220F75C3001A9A5A /* Interactor */ = {
			isa = PBXGroup;
			children = (
				42882652220F75D4001A9A5A /* ConsumptionListInteractorImpl.swift */,
				4232DAF92210CF0600DCC8DD /* ConsumptionListInteractor.swift */,
			);
			path = Interactor;
			sourceTree = "<group>";
		};
		42882654220F7785001A9A5A /* View */ = {
			isa = PBXGroup;
			children = (
				4246D7382200583D0066BC01 /* ConsumptionListViewController.swift */,
				42882655220F7793001A9A5A /* ConsumptionListView.swift */,
				42882659220F897C001A9A5A /* ConsumptionListItem.swift */,
				4288265D220F8C2A001A9A5A /* ConsumptionListItemView.swift */,
				422CA97722106E0900BC5401 /* ConsumptionListTableViewController.swift */,
			);
			path = View;
			sourceTree = "<group>";
		};
		428875EF2205FB0000EED6BB /* Model */ = {
			isa = PBXGroup;
			children = (
				429B938E2204DEDA00B663FD /* DeliriumOver.xcdatamodeld */,
			);
			path = Model;
			sourceTree = "<group>";
		};
		428875F02205FB0D00EED6BB /* DAO */ = {
			isa = PBXGroup;
			children = (
				428875F12205FB2200EED6BB /* SessionDAO.swift */,
				428875F32206005B00EED6BB /* SessionDAOImpl.swift */,
				42895B2122077AAE00386A21 /* ConsumptionDAO.swift */,
				42895B2322077BA000386A21 /* ConsumptionDAOImpl.swift */,
				42895B2B22078BD100386A21 /* DAO.swift */,
				42895B2D22078BFF00386A21 /* DAOImpl.swift */,
			);
			path = DAO;
			sourceTree = "<group>";
		};
		429893B92203138900460356 /* Logic */ = {
			isa = PBXGroup;
			children = (
				426AB6C6221344DD0061EF0B /* Entity */,
				429893BA2203139400460356 /* Calculations */,
			);
			path = Logic;
			sourceTree = "<group>";
		};
		429893BA2203139400460356 /* Calculations */ = {
			isa = PBXGroup;
			children = (
				429893BB220313CF00460356 /* AlcoholCalculatorTest.swift */,
			);
			path = Calculations;
			sourceTree = "<group>";
		};
		429893BD22031BC100460356 /* Number */ = {
			isa = PBXGroup;
			children = (
				429893BE22031C0400460356 /* DoubleExtension.swift */,
			);
			path = Number;
			sourceTree = "<group>";
		};
		429B93912204E1F400B663FD /* DB */ = {
			isa = PBXGroup;
			children = (
				42731AFE2208D91F0048AB83 /* Firebase */,
				42731AFD2208D90F0048AB83 /* CoreData */,
			);
			name = DB;
			path = "New Group";
			sourceTree = "<group>";
		};
		429B93922204E22300B663FD /* Repository */ = {
			isa = PBXGroup;
			children = (
				429B93942204E24600B663FD /* SessionRepository.swift */,
				429B93962204E28100B663FD /* SessionRepositoryImpl.swift */,
				42895B252207887100386A21 /* ConsumptionRepository.swift */,
				42895B27220788CE00386A21 /* ConsumptionRepositoryImpl.swift */,
				42895B2922078AE600386A21 /* RepositoryError.swift */,
				4288264A220F675D001A9A5A /* DrinkRepository.swift */,
				4288264C220F6799001A9A5A /* DrinkRepositoryImpl.swift */,
			);
			path = Repository;
			sourceTree = "<group>";
		};
		80395D6523266095008120A6 /* Common */ = {
			isa = PBXGroup;
			children = (
				80395D66232660A8008120A6 /* HasApply.swift */,
			);
			path = Common;
			sourceTree = "<group>";
		};
		80395D6823266270008120A6 /* Common */ = {
			isa = PBXGroup;
			children = (
				80395D692326627A008120A6 /* BasePresenter.swift */,
			);
			path = Common;
			sourceTree = "<group>";
		};
		80395D6C232BDA02008120A6 /* Widget */ = {
			isa = PBXGroup;
			children = (
				80395D6D232BDA3F008120A6 /* DatePickerSheet.xib */,
				80395D6F232BDB10008120A6 /* DatePickerSheet.swift */,
				80D4B8E4232F918D001E8ABF /* QuantityPickerSheet.xib */,
				80D4B8E6232F93B4001E8ABF /* QuantityPickerSheet.swift */,
			);
			path = Widget;
			sourceTree = "<group>";
		};
		8041DB8B23147B4200BF9964 /* Form */ = {
			isa = PBXGroup;
			children = (
				8041DB8F23147BA900BF9964 /* DI */,
				8041DB9023147BC300BF9964 /* View */,
				80731A7A231FBFCF00C65C08 /* Presenter */,
				80731A81231FD3B100C65C08 /* Interactor */,
				8041DB8C23147B4D00BF9964 /* Router */,
			);
			path = Form;
			sourceTree = "<group>";
		};
		8041DB8C23147B4D00BF9964 /* Router */ = {
			isa = PBXGroup;
			children = (
				8041DB8D23147B6F00BF9964 /* ConsumptionFormRouter.swift */,
				802ABAF323325DEA00DE0306 /* ConsumptionFormRouterImpl.swift */,
			);
			path = Router;
			sourceTree = "<group>";
		};
		8041DB8F23147BA900BF9964 /* DI */ = {
			isa = PBXGroup;
			children = (
				80731A84232131CF00C65C08 /* ConsumptionFormSwinject.swift */,
			);
			path = DI;
			sourceTree = "<group>";
		};
		8041DB9023147BC300BF9964 /* View */ = {
			isa = PBXGroup;
			children = (
				8041DB912316923A00BF9964 /* ConsumptionFormViewController.swift */,
				80731A7D231FC0C800C65C08 /* ConsumptionFormView.swift */,
			);
			path = View;
			sourceTree = "<group>";
		};
		80731A7A231FBFCF00C65C08 /* Presenter */ = {
			isa = PBXGroup;
			children = (
				80731A7B231FC03300C65C08 /* ConsumptionFormPresenter.swift */,
				80731A7F231FD37B00C65C08 /* ConsumptionFormPresenterImpl.swift */,
			);
			path = Presenter;
			sourceTree = "<group>";
		};
		80731A81231FD3B100C65C08 /* Interactor */ = {
			isa = PBXGroup;
			children = (
				80731A82231FD58C00C65C08 /* ConsumptionFormInteractor.swift */,
				80707E12232299FB006A6636 /* ConsumptionFormInteractorImpl.swift */,
			);
			path = Interactor;
			sourceTree = "<group>";
		};
		80EDF0FE236AE7F8003BA24C /* Presenter */ = {
			isa = PBXGroup;
			children = (
				80EDF0FF236AE80F003BA24C /* ConsumptionListPresenterTest.swift */,
			);
			path = Presenter;
			sourceTree = "<group>";
		};
		F228245A082D87936C3B6BE5 /* Pods */ = {
			isa = PBXGroup;
			children = (
				05EC6AAAB1F2E52B9375A76E /* Pods-DeliriumOver.debug.xcconfig */,
				631CE8ED2BFE7C5CF2CF2492 /* Pods-DeliriumOver.release.xcconfig */,
				38161ADD0FEC4C46AB918CAF /* Pods-DeliriumOverTests.debug.xcconfig */,
				6B7B2E3C799FB3B9A883F8B6 /* Pods-DeliriumOverTests.release.xcconfig */,
			);
			name = Pods;
			sourceTree = "<group>";
		};
/* End PBXGroup section */

/* Begin PBXNativeTarget section */
		4246D7302200583D0066BC01 /* DeliriumOver */ = {
			isa = PBXNativeTarget;
			buildConfigurationList = 4246D75B2200583E0066BC01 /* Build configuration list for PBXNativeTarget "DeliriumOver" */;
			buildPhases = (
				C487B4589E5B6C43001E2D33 /* [CP] Check Pods Manifest.lock */,
				4246D72D2200583D0066BC01 /* Sources */,
				4246D72E2200583D0066BC01 /* Frameworks */,
				4246D72F2200583D0066BC01 /* Resources */,
				548FBBF4459A07A65B6DF926 /* [CP] Embed Pods Frameworks */,
			);
			buildRules = (
			);
			dependencies = (
			);
			name = DeliriumOver;
			productName = DeliriumOver;
			productReference = 4246D7312200583D0066BC01 /* DeliriumOver.app */;
			productType = "com.apple.product-type.application";
		};
		4246D7462200583E0066BC01 /* DeliriumOverTests */ = {
			isa = PBXNativeTarget;
			buildConfigurationList = 4246D75E2200583E0066BC01 /* Build configuration list for PBXNativeTarget "DeliriumOverTests" */;
			buildPhases = (
				297D8D09D06454FBC305C272 /* [CP] Check Pods Manifest.lock */,
				4232DAFB2210D13600DCC8DD /* Run Script */,
				4246D7432200583E0066BC01 /* Sources */,
				4246D7442200583E0066BC01 /* Frameworks */,
				4246D7452200583E0066BC01 /* Resources */,
				31FEA5453B21E4F943C9A219 /* [CP] Embed Pods Frameworks */,
			);
			buildRules = (
			);
			dependencies = (
				4246D7492200583E0066BC01 /* PBXTargetDependency */,
			);
			name = DeliriumOverTests;
			productName = DeliriumOverTests;
			productReference = 4246D7472200583E0066BC01 /* DeliriumOverTests.xctest */;
			productType = "com.apple.product-type.bundle.unit-test";
		};
		4246D7512200583E0066BC01 /* DeliriumOverUITests */ = {
			isa = PBXNativeTarget;
			buildConfigurationList = 4246D7612200583E0066BC01 /* Build configuration list for PBXNativeTarget "DeliriumOverUITests" */;
			buildPhases = (
				4246D74E2200583E0066BC01 /* Sources */,
				4246D74F2200583E0066BC01 /* Frameworks */,
				4246D7502200583E0066BC01 /* Resources */,
			);
			buildRules = (
			);
			dependencies = (
				4246D7542200583E0066BC01 /* PBXTargetDependency */,
			);
			name = DeliriumOverUITests;
			productName = DeliriumOverUITests;
			productReference = 4246D7522200583E0066BC01 /* DeliriumOverUITests.xctest */;
			productType = "com.apple.product-type.bundle.ui-testing";
		};
/* End PBXNativeTarget section */

/* Begin PBXProject section */
		4246D7292200583D0066BC01 /* Project object */ = {
			isa = PBXProject;
			attributes = {
				LastSwiftUpdateCheck = 0920;
				LastUpgradeCheck = 0920;
				ORGANIZATIONNAME = rmatesz;
				TargetAttributes = {
					4246D7302200583D0066BC01 = {
						CreatedOnToolsVersion = 9.2;
						ProvisioningStyle = Automatic;
					};
					4246D7462200583E0066BC01 = {
						CreatedOnToolsVersion = 9.2;
						ProvisioningStyle = Automatic;
						TestTargetID = 4246D7302200583D0066BC01;
					};
					4246D7512200583E0066BC01 = {
						CreatedOnToolsVersion = 9.2;
						ProvisioningStyle = Automatic;
						TestTargetID = 4246D7302200583D0066BC01;
					};
				};
			};
			buildConfigurationList = 4246D72C2200583D0066BC01 /* Build configuration list for PBXProject "DeliriumOver" */;
			compatibilityVersion = "Xcode 8.0";
			developmentRegion = en;
			hasScannedForEncodings = 0;
			knownRegions = (
				en,
				Base,
				hu,
			);
			mainGroup = 4246D7282200583D0066BC01;
			productRefGroup = 4246D7322200583D0066BC01 /* Products */;
			projectDirPath = "";
			projectRoot = "";
			targets = (
				4246D7302200583D0066BC01 /* DeliriumOver */,
				4246D7462200583E0066BC01 /* DeliriumOverTests */,
				4246D7512200583E0066BC01 /* DeliriumOverUITests */,
			);
		};
/* End PBXProject section */

/* Begin PBXResourcesBuildPhase section */
		4246D72F2200583D0066BC01 /* Resources */ = {
			isa = PBXResourcesBuildPhase;
			buildActionMask = 2147483647;
			files = (
				4246D7412200583D0066BC01 /* LaunchScreen.storyboard in Resources */,
				4246D73E2200583D0066BC01 /* Assets.xcassets in Resources */,
				80395D6E232BDA3F008120A6 /* DatePickerSheet.xib in Resources */,
				42895B3022082B9800386A21 /* GoogleService-Info.plist in Resources */,
				428875EE220580DD00EED6BB /* Podfile in Resources */,
				4246D73C2200583D0066BC01 /* Main.storyboard in Resources */,
				80D4B8E5232F918D001E8ABF /* QuantityPickerSheet.xib in Resources */,
				80707E0E2322967A006A6636 /* Strings.strings in Resources */,
			);
			runOnlyForDeploymentPostprocessing = 0;
		};
		4246D7452200583E0066BC01 /* Resources */ = {
			isa = PBXResourcesBuildPhase;
			buildActionMask = 2147483647;
			files = (
			);
			runOnlyForDeploymentPostprocessing = 0;
		};
		4246D7502200583E0066BC01 /* Resources */ = {
			isa = PBXResourcesBuildPhase;
			buildActionMask = 2147483647;
			files = (
			);
			runOnlyForDeploymentPostprocessing = 0;
		};
/* End PBXResourcesBuildPhase section */

/* Begin PBXShellScriptBuildPhase section */
		297D8D09D06454FBC305C272 /* [CP] Check Pods Manifest.lock */ = {
			isa = PBXShellScriptBuildPhase;
			buildActionMask = 2147483647;
			files = (
			);
			inputPaths = (
				"${PODS_PODFILE_DIR_PATH}/Podfile.lock",
				"${PODS_ROOT}/Manifest.lock",
			);
			name = "[CP] Check Pods Manifest.lock";
			outputPaths = (
				"$(DERIVED_FILE_DIR)/Pods-DeliriumOverTests-checkManifestLockResult.txt",
			);
			runOnlyForDeploymentPostprocessing = 0;
			shellPath = /bin/sh;
			shellScript = "diff \"${PODS_PODFILE_DIR_PATH}/Podfile.lock\" \"${PODS_ROOT}/Manifest.lock\" > /dev/null\nif [ $? != 0 ] ; then\n    # print error to STDERR\n    echo \"error: The sandbox is not in sync with the Podfile.lock. Run 'pod install' or update your CocoaPods installation.\" >&2\n    exit 1\nfi\n# This output is used by Xcode 'outputs' to avoid re-running this script phase.\necho \"SUCCESS\" > \"${SCRIPT_OUTPUT_FILE_0}\"\n";
			showEnvVarsInLog = 0;
		};
		31FEA5453B21E4F943C9A219 /* [CP] Embed Pods Frameworks */ = {
			isa = PBXShellScriptBuildPhase;
			buildActionMask = 2147483647;
			files = (
			);
			inputPaths = (
				"${PODS_ROOT}/Target Support Files/Pods-DeliriumOverTests/Pods-DeliriumOverTests-frameworks.sh",
				"${BUILT_PRODUCTS_DIR}/GoogleUtilities/GoogleUtilities.framework",
				"${BUILT_PRODUCTS_DIR}/RxSwift/RxSwift.framework",
				"${BUILT_PRODUCTS_DIR}/nanopb/nanopb.framework",
				"${BUILT_PRODUCTS_DIR}/Cuckoo/Cuckoo.framework",
				"${BUILT_PRODUCTS_DIR}/RxBlocking/RxBlocking.framework",
				"${BUILT_PRODUCTS_DIR}/RxTest/RxTest.framework",
			);
			name = "[CP] Embed Pods Frameworks";
			outputPaths = (
				"${TARGET_BUILD_DIR}/${FRAMEWORKS_FOLDER_PATH}/GoogleUtilities.framework",
				"${TARGET_BUILD_DIR}/${FRAMEWORKS_FOLDER_PATH}/RxSwift.framework",
				"${TARGET_BUILD_DIR}/${FRAMEWORKS_FOLDER_PATH}/nanopb.framework",
				"${TARGET_BUILD_DIR}/${FRAMEWORKS_FOLDER_PATH}/Cuckoo.framework",
				"${TARGET_BUILD_DIR}/${FRAMEWORKS_FOLDER_PATH}/RxBlocking.framework",
				"${TARGET_BUILD_DIR}/${FRAMEWORKS_FOLDER_PATH}/RxTest.framework",
			);
			runOnlyForDeploymentPostprocessing = 0;
			shellPath = /bin/sh;
			shellScript = "\"${PODS_ROOT}/Target Support Files/Pods-DeliriumOverTests/Pods-DeliriumOverTests-frameworks.sh\"\n";
			showEnvVarsInLog = 0;
		};
		4232DAFB2210D13600DCC8DD /* Run Script */ = {
			isa = PBXShellScriptBuildPhase;
			buildActionMask = 2147483647;
			files = (
			);
			inputPaths = (
			);
			name = "Run Script";
			outputPaths = (
			);
			runOnlyForDeploymentPostprocessing = 0;
			shellPath = /bin/sh;
			shellScript = "# Define output file. Change \"$PROJECT_DIR/${PROJECT_NAME}Tests\" to your test's root source folder, if it's not the default name.\nOUTPUT_FILE=\"$PROJECT_DIR/${PROJECT_NAME}Tests/GeneratedMocks.swift\"\necho \"Generated Mocks File = $OUTPUT_FILE\"\n\n# Define input directory. Change \"${PROJECT_DIR}/${PROJECT_NAME}\" to your project's root source folder, if it's not the default name.\nINPUT_DIR=\"${PROJECT_DIR}/${PROJECT_NAME}\"\necho \"Mocks Input Directory = $INPUT_DIR\"\n\n# Generate mock files, include as many input files as you'd like to create mocks for.\n\"${PODS_ROOT}/Cuckoo/run\" generate --testable \"$PROJECT_NAME\" \\\n--output \"${OUTPUT_FILE}\" \\\n\"$INPUT_DIR/Logic/Repository/SessionRepository.swift\" \\\n\"$INPUT_DIR/Logic/Repository/ConsumptionRepository.swift\" \\\n\"$INPUT_DIR/Logic/Repository/DrinkRepository.swift\"\n# ... and so forth, the last line should never end with a backslash\n\n# After running once, locate `GeneratedMocks.swift` and drag it into your Xcode test target group.\n";
		};
		548FBBF4459A07A65B6DF926 /* [CP] Embed Pods Frameworks */ = {
			isa = PBXShellScriptBuildPhase;
			buildActionMask = 2147483647;
			files = (
			);
			inputPaths = (
				"${PODS_ROOT}/Target Support Files/Pods-DeliriumOver/Pods-DeliriumOver-frameworks.sh",
				"${BUILT_PRODUCTS_DIR}/GTMSessionFetcher/GTMSessionFetcher.framework",
				"${BUILT_PRODUCTS_DIR}/GoogleUtilities/GoogleUtilities.framework",
				"${BUILT_PRODUCTS_DIR}/KxMenu/KxMenu.framework",
				"${BUILT_PRODUCTS_DIR}/RxCocoa/RxCocoa.framework",
				"${BUILT_PRODUCTS_DIR}/RxSwift/RxSwift.framework",
				"${BUILT_PRODUCTS_DIR}/Swinject/Swinject.framework",
				"${BUILT_PRODUCTS_DIR}/SwinjectStoryboard/SwinjectStoryboard.framework",
				"${BUILT_PRODUCTS_DIR}/leveldb-library/leveldb.framework",
				"${BUILT_PRODUCTS_DIR}/nanopb/nanopb.framework",
			);
			name = "[CP] Embed Pods Frameworks";
			outputPaths = (
				"${TARGET_BUILD_DIR}/${FRAMEWORKS_FOLDER_PATH}/GTMSessionFetcher.framework",
				"${TARGET_BUILD_DIR}/${FRAMEWORKS_FOLDER_PATH}/GoogleUtilities.framework",
				"${TARGET_BUILD_DIR}/${FRAMEWORKS_FOLDER_PATH}/KxMenu.framework",
				"${TARGET_BUILD_DIR}/${FRAMEWORKS_FOLDER_PATH}/RxCocoa.framework",
				"${TARGET_BUILD_DIR}/${FRAMEWORKS_FOLDER_PATH}/RxSwift.framework",
				"${TARGET_BUILD_DIR}/${FRAMEWORKS_FOLDER_PATH}/Swinject.framework",
				"${TARGET_BUILD_DIR}/${FRAMEWORKS_FOLDER_PATH}/SwinjectStoryboard.framework",
				"${TARGET_BUILD_DIR}/${FRAMEWORKS_FOLDER_PATH}/leveldb.framework",
				"${TARGET_BUILD_DIR}/${FRAMEWORKS_FOLDER_PATH}/nanopb.framework",
			);
			runOnlyForDeploymentPostprocessing = 0;
			shellPath = /bin/sh;
			shellScript = "\"${PODS_ROOT}/Target Support Files/Pods-DeliriumOver/Pods-DeliriumOver-frameworks.sh\"\n";
			showEnvVarsInLog = 0;
		};
		C487B4589E5B6C43001E2D33 /* [CP] Check Pods Manifest.lock */ = {
			isa = PBXShellScriptBuildPhase;
			buildActionMask = 2147483647;
			files = (
			);
			inputPaths = (
				"${PODS_PODFILE_DIR_PATH}/Podfile.lock",
				"${PODS_ROOT}/Manifest.lock",
			);
			name = "[CP] Check Pods Manifest.lock";
			outputPaths = (
				"$(DERIVED_FILE_DIR)/Pods-DeliriumOver-checkManifestLockResult.txt",
			);
			runOnlyForDeploymentPostprocessing = 0;
			shellPath = /bin/sh;
			shellScript = "diff \"${PODS_PODFILE_DIR_PATH}/Podfile.lock\" \"${PODS_ROOT}/Manifest.lock\" > /dev/null\nif [ $? != 0 ] ; then\n    # print error to STDERR\n    echo \"error: The sandbox is not in sync with the Podfile.lock. Run 'pod install' or update your CocoaPods installation.\" >&2\n    exit 1\nfi\n# This output is used by Xcode 'outputs' to avoid re-running this script phase.\necho \"SUCCESS\" > \"${SCRIPT_OUTPUT_FILE_0}\"\n";
			showEnvVarsInLog = 0;
		};
/* End PBXShellScriptBuildPhase section */

/* Begin PBXSourcesBuildPhase section */
		4246D72D2200583D0066BC01 /* Sources */ = {
			isa = PBXSourcesBuildPhase;
			buildActionMask = 2147483647;
			files = (
				8041DB922316923A00BF9964 /* ConsumptionFormViewController.swift in Sources */,
				80395D6A2326627A008120A6 /* BasePresenter.swift in Sources */,
				422CA97B22108F4C00BC5401 /* FirebaseSwinject.swift in Sources */,
				42895B2222077AAE00386A21 /* ConsumptionDAO.swift in Sources */,
				42895B2422077BA000386A21 /* ConsumptionDAOImpl.swift in Sources */,
				429893B62202265200460356 /* DateProvider.swift in Sources */,
				42895B2C22078BD100386A21 /* DAO.swift in Sources */,
				422CA984221094BE00BC5401 /* ApplicationSwinject.swift in Sources */,
				4288264D220F6799001A9A5A /* DrinkRepositoryImpl.swift in Sources */,
				42731B022208F9F30048AB83 /* FirebaseDrinksDatabase.swift in Sources */,
				4288265A220F897C001A9A5A /* ConsumptionListItem.swift in Sources */,
				4246D7392200583D0066BC01 /* ConsumptionListViewController.swift in Sources */,
				422C68DE22010EBA00F7702A /* DateExtensions.swift in Sources */,
				42882647220EC507001A9A5A /* FirebaseCommunicator.swift in Sources */,
				42895B262207887100386A21 /* ConsumptionRepository.swift in Sources */,
				80731A7E231FC0C800C65C08 /* ConsumptionFormView.swift in Sources */,
				80395D70232BDB10008120A6 /* DatePickerSheet.swift in Sources */,
				42895B2A22078AE600386A21 /* RepositoryError.swift in Sources */,
				80731A83231FD58C00C65C08 /* ConsumptionFormInteractor.swift in Sources */,
				422CA97E22108FD600BC5401 /* ReportOverviewSwinject.swift in Sources */,
				428875F42206005B00EED6BB /* SessionDAOImpl.swift in Sources */,
				422C68E022010F0300F7702A /* Record.swift in Sources */,
				429B93952204E24600B663FD /* SessionRepository.swift in Sources */,
				8041DB8E23147B6F00BF9964 /* ConsumptionFormRouter.swift in Sources */,
				80731A85232131CF00C65C08 /* ConsumptionFormSwinject.swift in Sources */,
				42882658220F87A1001A9A5A /* ConsumptionListRouter.swift in Sources */,
				80395D67232660A8008120A6 /* HasApply.swift in Sources */,
				42146F0A220CCAD100A793A5 /* FirebaseSessionDatabase.swift in Sources */,
				42895B28220788CE00386A21 /* ConsumptionRepositoryImpl.swift in Sources */,
				80731A7C231FC03300C65C08 /* ConsumptionFormPresenter.swift in Sources */,
				4246D7352200583D0066BC01 /* AppDelegate.swift in Sources */,
				4288265E220F8C2A001A9A5A /* ConsumptionListItemView.swift in Sources */,
				802ABAF423325DEA00DE0306 /* ConsumptionFormRouterImpl.swift in Sources */,
				429B93902204DEDA00B663FD /* DeliriumOver.xcdatamodeld in Sources */,
				4204FE33221220A900BBB83E /* SimpleError.swift in Sources */,
				42895B2E22078BFF00386A21 /* DAOImpl.swift in Sources */,
				42731B002208D93B0048AB83 /* FirebaseAuthentication.swift in Sources */,
				80D4B8E7232F93B4001E8ABF /* QuantityPickerSheet.swift in Sources */,
				422C68E52201117E00F7702A /* Session.swift in Sources */,
				4232DAFA2210CF0600DCC8DD /* ConsumptionListInteractor.swift in Sources */,
				429B93972204E28100B663FD /* SessionRepositoryImpl.swift in Sources */,
				422C68D922010DC900F7702A /* AlcoholCalculator.swift in Sources */,
				4246D7372200583D0066BC01 /* ReportsOverviewViewController.swift in Sources */,
				42882656220F7793001A9A5A /* ConsumptionListView.swift in Sources */,
				429893BF22031C0400460356 /* DoubleExtension.swift in Sources */,
				422CA97822106E0900BC5401 /* ConsumptionListTableViewController.swift in Sources */,
				4288264B220F675D001A9A5A /* DrinkRepository.swift in Sources */,
				80707E13232299FB006A6636 /* ConsumptionFormInteractorImpl.swift in Sources */,
				429893B42202233700460356 /* DrinkType.swift in Sources */,
				429893B82202279700460356 /* SystemDateProvider.swift in Sources */,
				42E44DE12201C38500F367CB /* DrinkUnit.swift in Sources */,
				42882649220EC87E001A9A5A /* FirebaseError.swift in Sources */,
				80731A80231FD37B00C65C08 /* ConsumptionFormPresenterImpl.swift in Sources */,
				42882653220F75D4001A9A5A /* ConsumptionListInteractorImpl.swift in Sources */,
				422CA9822210933C00BC5401 /* RepositorySwinject.swift in Sources */,
				428875F22205FB2200EED6BB /* SessionDAO.swift in Sources */,
				42E44DDF2201C23000F367CB /* Consumption.swift in Sources */,
				4232DAF22210B56000DCC8DD /* ConsumptionListSwinject.swift in Sources */,
				42882650220F75BD001A9A5A /* ConsumptionListPresenter.swift in Sources */,
				422C68E2220110E600F7702A /* Statistic.swift in Sources */,
				429893B2220222C900460356 /* Drink.swift in Sources */,
				422CA980221092AF00BC5401 /* CoreDataSwinject.swift in Sources */,
				42E44DDD2201C1F500F367CB /* Sex.swift in Sources */,
			);
			runOnlyForDeploymentPostprocessing = 0;
		};
		4246D7432200583E0066BC01 /* Sources */ = {
			isa = PBXSourcesBuildPhase;
			buildActionMask = 2147483647;
			files = (
				80EDF100236AE80F003BA24C /* ConsumptionListPresenterTest.swift in Sources */,
				4232DAF82210CCDD00DCC8DD /* ConsumptionListInteractorTest.swift in Sources */,
				426AB6CA221750BD0061EF0B /* DrinkExtension.swift in Sources */,
				426AB6C8221344F00061EF0B /* ConsumptionExtension.swift in Sources */,
				42B8D8AF22044F0B0050F0B2 /* TestDateProvider.swift in Sources */,
				429893BC220313CF00460356 /* AlcoholCalculatorTest.swift in Sources */,
				4246D74C2200583E0066BC01 /* DeliriumOverTests.swift in Sources */,
				4204FE31221163C900BBB83E /* GeneratedMocks.swift in Sources */,
			);
			runOnlyForDeploymentPostprocessing = 0;
		};
		4246D74E2200583E0066BC01 /* Sources */ = {
			isa = PBXSourcesBuildPhase;
			buildActionMask = 2147483647;
			files = (
				4246D7572200583E0066BC01 /* DeliriumOverUITests.swift in Sources */,
			);
			runOnlyForDeploymentPostprocessing = 0;
		};
/* End PBXSourcesBuildPhase section */

/* Begin PBXTargetDependency section */
		4246D7492200583E0066BC01 /* PBXTargetDependency */ = {
			isa = PBXTargetDependency;
			target = 4246D7302200583D0066BC01 /* DeliriumOver */;
			targetProxy = 4246D7482200583E0066BC01 /* PBXContainerItemProxy */;
		};
		4246D7542200583E0066BC01 /* PBXTargetDependency */ = {
			isa = PBXTargetDependency;
			target = 4246D7302200583D0066BC01 /* DeliriumOver */;
			targetProxy = 4246D7532200583E0066BC01 /* PBXContainerItemProxy */;
		};
/* End PBXTargetDependency section */

/* Begin PBXVariantGroup section */
		4246D73A2200583D0066BC01 /* Main.storyboard */ = {
			isa = PBXVariantGroup;
			children = (
				4246D73B2200583D0066BC01 /* Base */,
				80707E0A23229604006A6636 /* hu */,
			);
			name = Main.storyboard;
			sourceTree = "<group>";
		};
		4246D73F2200583D0066BC01 /* LaunchScreen.storyboard */ = {
			isa = PBXVariantGroup;
			children = (
				4246D7402200583D0066BC01 /* Base */,
				80707E0B23229604006A6636 /* hu */,
			);
			name = LaunchScreen.storyboard;
			sourceTree = "<group>";
		};
		80707E102322967A006A6636 /* Strings.strings */ = {
			isa = PBXVariantGroup;
			children = (
				80707E0F2322967A006A6636 /* en */,
				80707E112322967D006A6636 /* hu */,
			);
			name = Strings.strings;
			sourceTree = "<group>";
		};
/* End PBXVariantGroup section */

/* Begin XCBuildConfiguration section */
		4246D7592200583E0066BC01 /* Debug */ = {
			isa = XCBuildConfiguration;
			buildSettings = {
				ALWAYS_SEARCH_USER_PATHS = NO;
				CLANG_ANALYZER_LOCALIZABILITY_NONLOCALIZED = YES;
				CLANG_ANALYZER_NONNULL = YES;
				CLANG_ANALYZER_NUMBER_OBJECT_CONVERSION = YES_AGGRESSIVE;
				CLANG_CXX_LANGUAGE_STANDARD = "gnu++14";
				CLANG_CXX_LIBRARY = "libc++";
				CLANG_ENABLE_MODULES = YES;
				CLANG_ENABLE_OBJC_ARC = YES;
				CLANG_WARN_BLOCK_CAPTURE_AUTORELEASING = YES;
				CLANG_WARN_BOOL_CONVERSION = YES;
				CLANG_WARN_COMMA = YES;
				CLANG_WARN_CONSTANT_CONVERSION = YES;
				CLANG_WARN_DIRECT_OBJC_ISA_USAGE = YES_ERROR;
				CLANG_WARN_DOCUMENTATION_COMMENTS = YES;
				CLANG_WARN_EMPTY_BODY = YES;
				CLANG_WARN_ENUM_CONVERSION = YES;
				CLANG_WARN_INFINITE_RECURSION = YES;
				CLANG_WARN_INT_CONVERSION = YES;
				CLANG_WARN_NON_LITERAL_NULL_CONVERSION = YES;
				CLANG_WARN_OBJC_LITERAL_CONVERSION = YES;
				CLANG_WARN_OBJC_ROOT_CLASS = YES_ERROR;
				CLANG_WARN_RANGE_LOOP_ANALYSIS = YES;
				CLANG_WARN_STRICT_PROTOTYPES = YES;
				CLANG_WARN_SUSPICIOUS_MOVE = YES;
				CLANG_WARN_UNGUARDED_AVAILABILITY = YES_AGGRESSIVE;
				CLANG_WARN_UNREACHABLE_CODE = YES;
				CLANG_WARN__DUPLICATE_METHOD_MATCH = YES;
				CODE_SIGN_IDENTITY = "iPhone Developer";
				COPY_PHASE_STRIP = NO;
				DEBUG_INFORMATION_FORMAT = dwarf;
				ENABLE_STRICT_OBJC_MSGSEND = YES;
				ENABLE_TESTABILITY = YES;
				GCC_C_LANGUAGE_STANDARD = gnu11;
				GCC_DYNAMIC_NO_PIC = NO;
				GCC_NO_COMMON_BLOCKS = YES;
				GCC_OPTIMIZATION_LEVEL = 0;
				GCC_PREPROCESSOR_DEFINITIONS = (
					"DEBUG=1",
					"$(inherited)",
				);
				GCC_WARN_64_TO_32_BIT_CONVERSION = YES;
				GCC_WARN_ABOUT_RETURN_TYPE = YES_ERROR;
				GCC_WARN_UNDECLARED_SELECTOR = YES;
				GCC_WARN_UNINITIALIZED_AUTOS = YES_AGGRESSIVE;
				GCC_WARN_UNUSED_FUNCTION = YES;
				GCC_WARN_UNUSED_VARIABLE = YES;
				IPHONEOS_DEPLOYMENT_TARGET = 11.2;
				MTL_ENABLE_DEBUG_INFO = YES;
				ONLY_ACTIVE_ARCH = YES;
				SDKROOT = iphoneos;
				SWIFT_ACTIVE_COMPILATION_CONDITIONS = DEBUG;
				SWIFT_OPTIMIZATION_LEVEL = "-Onone";
			};
			name = Debug;
		};
		4246D75A2200583E0066BC01 /* Release */ = {
			isa = XCBuildConfiguration;
			buildSettings = {
				ALWAYS_SEARCH_USER_PATHS = NO;
				CLANG_ANALYZER_LOCALIZABILITY_NONLOCALIZED = YES;
				CLANG_ANALYZER_NONNULL = YES;
				CLANG_ANALYZER_NUMBER_OBJECT_CONVERSION = YES_AGGRESSIVE;
				CLANG_CXX_LANGUAGE_STANDARD = "gnu++14";
				CLANG_CXX_LIBRARY = "libc++";
				CLANG_ENABLE_MODULES = YES;
				CLANG_ENABLE_OBJC_ARC = YES;
				CLANG_WARN_BLOCK_CAPTURE_AUTORELEASING = YES;
				CLANG_WARN_BOOL_CONVERSION = YES;
				CLANG_WARN_COMMA = YES;
				CLANG_WARN_CONSTANT_CONVERSION = YES;
				CLANG_WARN_DIRECT_OBJC_ISA_USAGE = YES_ERROR;
				CLANG_WARN_DOCUMENTATION_COMMENTS = YES;
				CLANG_WARN_EMPTY_BODY = YES;
				CLANG_WARN_ENUM_CONVERSION = YES;
				CLANG_WARN_INFINITE_RECURSION = YES;
				CLANG_WARN_INT_CONVERSION = YES;
				CLANG_WARN_NON_LITERAL_NULL_CONVERSION = YES;
				CLANG_WARN_OBJC_LITERAL_CONVERSION = YES;
				CLANG_WARN_OBJC_ROOT_CLASS = YES_ERROR;
				CLANG_WARN_RANGE_LOOP_ANALYSIS = YES;
				CLANG_WARN_STRICT_PROTOTYPES = YES;
				CLANG_WARN_SUSPICIOUS_MOVE = YES;
				CLANG_WARN_UNGUARDED_AVAILABILITY = YES_AGGRESSIVE;
				CLANG_WARN_UNREACHABLE_CODE = YES;
				CLANG_WARN__DUPLICATE_METHOD_MATCH = YES;
				CODE_SIGN_IDENTITY = "iPhone Developer";
				COPY_PHASE_STRIP = NO;
				DEBUG_INFORMATION_FORMAT = "dwarf-with-dsym";
				ENABLE_NS_ASSERTIONS = NO;
				ENABLE_STRICT_OBJC_MSGSEND = YES;
				GCC_C_LANGUAGE_STANDARD = gnu11;
				GCC_NO_COMMON_BLOCKS = YES;
				GCC_WARN_64_TO_32_BIT_CONVERSION = YES;
				GCC_WARN_ABOUT_RETURN_TYPE = YES_ERROR;
				GCC_WARN_UNDECLARED_SELECTOR = YES;
				GCC_WARN_UNINITIALIZED_AUTOS = YES_AGGRESSIVE;
				GCC_WARN_UNUSED_FUNCTION = YES;
				GCC_WARN_UNUSED_VARIABLE = YES;
				IPHONEOS_DEPLOYMENT_TARGET = 11.2;
				MTL_ENABLE_DEBUG_INFO = NO;
				SDKROOT = iphoneos;
				SWIFT_OPTIMIZATION_LEVEL = "-Owholemodule";
				VALIDATE_PRODUCT = YES;
			};
			name = Release;
		};
		4246D75C2200583E0066BC01 /* Debug */ = {
			isa = XCBuildConfiguration;
			baseConfigurationReference = 05EC6AAAB1F2E52B9375A76E /* Pods-DeliriumOver.debug.xcconfig */;
			buildSettings = {
				ASSETCATALOG_COMPILER_APPICON_NAME = AppIcon;
				CODE_SIGN_STYLE = Automatic;
				INFOPLIST_FILE = DeliriumOver/Info.plist;
				LD_RUNPATH_SEARCH_PATHS = "$(inherited) @executable_path/Frameworks";
				PRODUCT_BUNDLE_IDENTIFIER = hu.rmatesz.DeliriumOver;
				PRODUCT_NAME = "$(TARGET_NAME)";
				SWIFT_VERSION = 4.0;
				TARGETED_DEVICE_FAMILY = "1,2";
			};
			name = Debug;
		};
		4246D75D2200583E0066BC01 /* Release */ = {
			isa = XCBuildConfiguration;
			baseConfigurationReference = 631CE8ED2BFE7C5CF2CF2492 /* Pods-DeliriumOver.release.xcconfig */;
			buildSettings = {
				ASSETCATALOG_COMPILER_APPICON_NAME = AppIcon;
				CODE_SIGN_STYLE = Automatic;
				INFOPLIST_FILE = DeliriumOver/Info.plist;
				LD_RUNPATH_SEARCH_PATHS = "$(inherited) @executable_path/Frameworks";
				PRODUCT_BUNDLE_IDENTIFIER = hu.rmatesz.DeliriumOver;
				PRODUCT_NAME = "$(TARGET_NAME)";
				SWIFT_VERSION = 4.0;
				TARGETED_DEVICE_FAMILY = "1,2";
			};
			name = Release;
		};
		4246D75F2200583E0066BC01 /* Debug */ = {
			isa = XCBuildConfiguration;
			baseConfigurationReference = 38161ADD0FEC4C46AB918CAF /* Pods-DeliriumOverTests.debug.xcconfig */;
			buildSettings = {
				ALWAYS_EMBED_SWIFT_STANDARD_LIBRARIES = YES;
				BUNDLE_LOADER = "$(TEST_HOST)";
				CODE_SIGN_STYLE = Automatic;
				INFOPLIST_FILE = DeliriumOverTests/Info.plist;
				LD_RUNPATH_SEARCH_PATHS = "$(inherited) @executable_path/Frameworks @loader_path/Frameworks";
				PRODUCT_BUNDLE_IDENTIFIER = hu.rmatesz.DeliriumOverTests;
				PRODUCT_NAME = "$(TARGET_NAME)";
				SWIFT_VERSION = 4.0;
				TARGETED_DEVICE_FAMILY = "1,2";
				TEST_HOST = "$(BUILT_PRODUCTS_DIR)/DeliriumOver.app/DeliriumOver";
			};
			name = Debug;
		};
		4246D7602200583E0066BC01 /* Release */ = {
			isa = XCBuildConfiguration;
			baseConfigurationReference = 6B7B2E3C799FB3B9A883F8B6 /* Pods-DeliriumOverTests.release.xcconfig */;
			buildSettings = {
				ALWAYS_EMBED_SWIFT_STANDARD_LIBRARIES = YES;
				BUNDLE_LOADER = "$(TEST_HOST)";
				CODE_SIGN_STYLE = Automatic;
				INFOPLIST_FILE = DeliriumOverTests/Info.plist;
				LD_RUNPATH_SEARCH_PATHS = "$(inherited) @executable_path/Frameworks @loader_path/Frameworks";
				PRODUCT_BUNDLE_IDENTIFIER = hu.rmatesz.DeliriumOverTests;
				PRODUCT_NAME = "$(TARGET_NAME)";
				SWIFT_VERSION = 4.0;
				TARGETED_DEVICE_FAMILY = "1,2";
				TEST_HOST = "$(BUILT_PRODUCTS_DIR)/DeliriumOver.app/DeliriumOver";
			};
			name = Release;
		};
		4246D7622200583E0066BC01 /* Debug */ = {
			isa = XCBuildConfiguration;
			buildSettings = {
				ALWAYS_EMBED_SWIFT_STANDARD_LIBRARIES = YES;
				CODE_SIGN_STYLE = Automatic;
				INFOPLIST_FILE = DeliriumOverUITests/Info.plist;
				LD_RUNPATH_SEARCH_PATHS = "$(inherited) @executable_path/Frameworks @loader_path/Frameworks";
				PRODUCT_BUNDLE_IDENTIFIER = hu.rmatesz.DeliriumOverUITests;
				PRODUCT_NAME = "$(TARGET_NAME)";
				PROVISIONING_PROFILE = "";
				SWIFT_VERSION = 4.0;
				TARGETED_DEVICE_FAMILY = "1,2";
				TEST_TARGET_NAME = DeliriumOver;
			};
			name = Debug;
		};
		4246D7632200583E0066BC01 /* Release */ = {
			isa = XCBuildConfiguration;
			buildSettings = {
				ALWAYS_EMBED_SWIFT_STANDARD_LIBRARIES = YES;
				CODE_SIGN_STYLE = Automatic;
				INFOPLIST_FILE = DeliriumOverUITests/Info.plist;
				LD_RUNPATH_SEARCH_PATHS = "$(inherited) @executable_path/Frameworks @loader_path/Frameworks";
				PRODUCT_BUNDLE_IDENTIFIER = hu.rmatesz.DeliriumOverUITests;
				PRODUCT_NAME = "$(TARGET_NAME)";
				PROVISIONING_PROFILE = "";
				SWIFT_VERSION = 4.0;
				TARGETED_DEVICE_FAMILY = "1,2";
				TEST_TARGET_NAME = DeliriumOver;
			};
			name = Release;
		};
/* End XCBuildConfiguration section */

/* Begin XCConfigurationList section */
		4246D72C2200583D0066BC01 /* Build configuration list for PBXProject "DeliriumOver" */ = {
			isa = XCConfigurationList;
			buildConfigurations = (
				4246D7592200583E0066BC01 /* Debug */,
				4246D75A2200583E0066BC01 /* Release */,
			);
			defaultConfigurationIsVisible = 0;
			defaultConfigurationName = Release;
		};
		4246D75B2200583E0066BC01 /* Build configuration list for PBXNativeTarget "DeliriumOver" */ = {
			isa = XCConfigurationList;
			buildConfigurations = (
				4246D75C2200583E0066BC01 /* Debug */,
				4246D75D2200583E0066BC01 /* Release */,
			);
			defaultConfigurationIsVisible = 0;
			defaultConfigurationName = Release;
		};
		4246D75E2200583E0066BC01 /* Build configuration list for PBXNativeTarget "DeliriumOverTests" */ = {
			isa = XCConfigurationList;
			buildConfigurations = (
				4246D75F2200583E0066BC01 /* Debug */,
				4246D7602200583E0066BC01 /* Release */,
			);
			defaultConfigurationIsVisible = 0;
			defaultConfigurationName = Release;
		};
		4246D7612200583E0066BC01 /* Build configuration list for PBXNativeTarget "DeliriumOverUITests" */ = {
			isa = XCConfigurationList;
			buildConfigurations = (
				4246D7622200583E0066BC01 /* Debug */,
				4246D7632200583E0066BC01 /* Release */,
			);
			defaultConfigurationIsVisible = 0;
			defaultConfigurationName = Release;
		};
/* End XCConfigurationList section */

/* Begin XCVersionGroup section */
		429B938E2204DEDA00B663FD /* DeliriumOver.xcdatamodeld */ = {
			isa = XCVersionGroup;
			children = (
				429B938F2204DEDA00B663FD /* DeliriumOver.xcdatamodel */,
			);
			currentVersion = 429B938F2204DEDA00B663FD /* DeliriumOver.xcdatamodel */;
			path = DeliriumOver.xcdatamodeld;
			sourceTree = "<group>";
			versionGroupType = wrapper.xcdatamodel;
		};
/* End XCVersionGroup section */
	};
	rootObject = 4246D7292200583D0066BC01 /* Project object */;
}
